{
  "name": "festa-crew-entry-sheet",
  "version": "1.0.0",
  "lockfileVersion": 3,
  "requires": true,
  "packages": {
    "": {
      "name": "festa-crew-entry-sheet",
      "version": "1.0.0",
      "license": "ISC",
      "dependencies": {
        "@fontsource/m-plus-1p": "^5.2.9",
        "@fontsource/noto-sans-jp": "^5.2.9"
      },
      "devDependencies": {}
    },
    "node_modules/@fontsource/m-plus-1p": {
      "version": "5.2.9",
      "resolved": "https://registry.npmjs.org/@fontsource/m-plus-1p/-/m-plus-1p-5.2.9.tgz",
      "integrity": "sha512-SdstxK+xoUHmSkbmYTnPRWZWEfuQax6ZR0XbFhU82z5GA4X/YRE+VX54q0aDRJ5btej/fvFtww3qHFvp9A06GQ==",
      "license": "OFL-1.1",
      "funding": {
        "url": "https://github.com/sponsors/ayuhito"
      }
    },
    "node_modules/@fontsource/noto-sans-jp": {
      "version": "5.2.9",
      "resolved": "https://registry.npmjs.org/@fontsource/noto-sans-jp/-/noto-sans-jp-5.2.9.tgz",
      "integrity": "sha512-6yVGiofnrnbiJjU8ch4JGSs2HqyozxMvsVyVmFwOnDH3u//qQKLqmKM4n0lqN0637uaJNzUW9nIJqbbMgHVQzw==",
      "license": "OFL-1.1",
      "funding": {
        "url": "https://github.com/sponsors/ayuhito"
      }
    }
  }
}
